PODS:
  - JKUIEventHandler (0.1.0)
  - Kiwi (3.0.0)

DEPENDENCIES:
  - JKUIEventHandler (from `../`)
  - Kiwi

SPEC REPOS:
  trunk:
    - Kiwi

EXTERNAL SOURCES:
  JKUIEventHandler:
    :path: "../"

SPEC CHECKSUMS:
  JKUIEventHandler: 3b215670add473f80c8741caaacecebd6580142a
  Kiwi: fbeafef0f00e4d8f7dcb3420a4930afe70af77f7

PODFILE CHECKSUM: e902bb4e9afe082c557ada9fd5473b315899c673

COCOAPODS: 1.8.4
